// !$*UTF8*$!
{
	archiveVersion = 1;
	classes = {
	};
	objectVersion = 55;
	objects = {

/* Begin PBXBuildFile section */
		896FB1E028AEC765004C691F /* SwiftUIAdvancedApp.swift in Sources */ = {isa = PBXBuildFile; fileRef = 896FB1DF28AEC765004C691F /* SwiftUIAdvancedApp.swift */; };
		896FB1E228AEC765004C691F /* ContentView.swift in Sources */ = {isa = PBXBuildFile; fileRef = 896FB1E128AEC765004C691F /* ContentView.swift */; };
		896FB1E428AEC768004C691F /* Assets.xcassets in Resources */ = {isa = PBXBuildFile; fileRef = 896FB1E328AEC768004C691F /* Assets.xcassets */; };
		896FB1E728AEC768004C691F /* Preview Assets.xcassets in Resources */ = {isa = PBXBuildFile; fileRef = 896FB1E628AEC768004C691F /* Preview Assets.xcassets */; };
		89AB0CE128CA88ED009C6D56 /* CustomViewModifierBootCamp.swift in Sources */ = {isa = PBXBuildFile; fileRef = 89AB0CE028CA88ED009C6D56 /* CustomViewModifierBootCamp.swift */; };
		89AB0CE328CA8D10009C6D56 /* ButtonStyleBootCamp.swift in Sources */ = {isa = PBXBuildFile; fileRef = 89AB0CE228CA8D10009C6D56 /* ButtonStyleBootCamp.swift */; };
		89AB0CE528CA90D5009C6D56 /* AnyTransitionBootCamp.swift in Sources */ = {isa = PBXBuildFile; fileRef = 89AB0CE428CA90D5009C6D56 /* AnyTransitionBootCamp.swift */; };
		89ADE34528D21EE5008608D3 /* GeometryPreferenceKeyBootCamp.swift in Sources */ = {isa = PBXBuildFile; fileRef = 89ADE34428D21EE5008608D3 /* GeometryPreferenceKeyBootCamp.swift */; };
		89ADE34728D2212A008608D3 /* ScrollViewOffsetPreferenceKeyBootCamp.swift in Sources */ = {isa = PBXBuildFile; fileRef = 89ADE34628D2212A008608D3 /* ScrollViewOffsetPreferenceKeyBootCamp.swift */; };
		89ADE34A28D22B02008608D3 /* AppTabBarView.swift in Sources */ = {isa = PBXBuildFile; fileRef = 89ADE34928D22B02008608D3 /* AppTabBarView.swift */; };
		89ADE34C28D22C93008608D3 /* CustomTabBarView.swift in Sources */ = {isa = PBXBuildFile; fileRef = 89ADE34B28D22C93008608D3 /* CustomTabBarView.swift */; };
		89ADE34E28D2308E008608D3 /* CustomTabBarContainerView.swift in Sources */ = {isa = PBXBuildFile; fileRef = 89ADE34D28D2308E008608D3 /* CustomTabBarContainerView.swift */; };
		89ADE35028D238E9008608D3 /* ProtocolBootCamp.swift in Sources */ = {isa = PBXBuildFile; fileRef = 89ADE34F28D238E9008608D3 /* ProtocolBootCamp.swift */; };
		89ADE35228D24545008608D3 /* DependencyInjectionBootCamp.swift in Sources */ = {isa = PBXBuildFile; fileRef = 89ADE35128D24545008608D3 /* DependencyInjectionBootCamp.swift */; };
		89C5C27628D0F16C0010EB5E /* MatchedGeometryEffectBootCamp.swift in Sources */ = {isa = PBXBuildFile; fileRef = 89C5C27528D0F16C0010EB5E /* MatchedGeometryEffectBootCamp.swift */; };
		89C5C27828D0F80E0010EB5E /* GenericsBootCamp.swift in Sources */ = {isa = PBXBuildFile; fileRef = 89C5C27728D0F80E0010EB5E /* GenericsBootCamp.swift */; };
		89C5C27A28D101E80010EB5E /* ViewBuilderBootCamp.swift in Sources */ = {isa = PBXBuildFile; fileRef = 89C5C27928D101E80010EB5E /* ViewBuilderBootCamp.swift */; };
		89C5C27C28D11EFE0010EB5E /* PreferenceKeyBootCamp.swift in Sources */ = {isa = PBXBuildFile; fileRef = 89C5C27B28D11EFE0010EB5E /* PreferenceKeyBootCamp.swift */; };
/* End PBXBuildFile section */

/* Begin PBXFileReference section */
		896FB1DC28AEC765004C691F /* SwiftUIAdvanced.app */ = {isa = PBXFileReference; explicitFileType = wrapper.application; includeInIndex = 0; path = SwiftUIAdvanced.app; sourceTree = BUILT_PRODUCTS_DIR; };
		896FB1DF28AEC765004C691F /* SwiftUIAdvancedApp.swift */ = {isa = PBXFileReference; lastKnownFileType = sourcecode.swift; path = SwiftUIAdvancedApp.swift; sourceTree = "<group>"; };
		896FB1E128AEC765004C691F /* ContentView.swift */ = {isa = PBXFileReference; lastKnownFileType = sourcecode.swift; path = ContentView.swift; sourceTree = "<group>"; };
		896FB1E328AEC768004C691F /* Assets.xcassets */ = {isa = PBXFileReference; lastKnownFileType = folder.assetcatalog; path = Assets.xcassets; sourceTree = "<group>"; };
		896FB1E628AEC768004C691F /* Preview Assets.xcassets */ = {isa = PBXFileReference; lastKnownFileType = folder.assetcatalog; path = "Preview Assets.xcassets"; sourceTree = "<group>"; };
		89AB0CE028CA88ED009C6D56 /* CustomViewModifierBootCamp.swift */ = {isa = PBXFileReference; lastKnownFileType = sourcecode.swift; path = CustomViewModifierBootCamp.swift; sourceTree = "<group>"; };
		89AB0CE228CA8D10009C6D56 /* ButtonStyleBootCamp.swift */ = {isa = PBXFileReference; lastKnownFileType = sourcecode.swift; path = ButtonStyleBootCamp.swift; sourceTree = "<group>"; };
		89AB0CE428CA90D5009C6D56 /* AnyTransitionBootCamp.swift */ = {isa = PBXFileReference; lastKnownFileType = sourcecode.swift; path = AnyTransitionBootCamp.swift; sourceTree = "<group>"; };
		89ADE34428D21EE5008608D3 /* GeometryPreferenceKeyBootCamp.swift */ = {isa = PBXFileReference; lastKnownFileType = sourcecode.swift; path = GeometryPreferenceKeyBootCamp.swift; sourceTree = "<group>"; };
		89ADE34628D2212A008608D3 /* ScrollViewOffsetPreferenceKeyBootCamp.swift */ = {isa = PBXFileReference; lastKnownFileType = sourcecode.swift; path = ScrollViewOffsetPreferenceKeyBootCamp.swift; sourceTree = "<group>"; };
		89ADE34928D22B02008608D3 /* AppTabBarView.swift */ = {isa = PBXFileReference; lastKnownFileType = sourcecode.swift; path = AppTabBarView.swift; sourceTree = "<group>"; };
		89ADE34B28D22C93008608D3 /* CustomTabBarView.swift */ = {isa = PBXFileReference; lastKnownFileType = sourcecode.swift; path = CustomTabBarView.swift; sourceTree = "<group>"; };
		89ADE34D28D2308E008608D3 /* CustomTabBarContainerView.swift */ = {isa = PBXFileReference; lastKnownFileType = sourcecode.swift; path = CustomTabBarContainerView.swift; sourceTree = "<group>"; };
		89ADE34F28D238E9008608D3 /* ProtocolBootCamp.swift */ = {isa = PBXFileReference; lastKnownFileType = sourcecode.swift; path = ProtocolBootCamp.swift; sourceTree = "<group>"; };
		89ADE35128D24545008608D3 /* DependencyInjectionBootCamp.swift */ = {isa = PBXFileReference; lastKnownFileType = sourcecode.swift; path = DependencyInjectionBootCamp.swift; sourceTree = "<group>"; };
		89C5C27528D0F16C0010EB5E /* MatchedGeometryEffectBootCamp.swift */ = {isa = PBXFileReference; lastKnownFileType = sourcecode.swift; path = MatchedGeometryEffectBootCamp.swift; sourceTree = "<group>"; };
		89C5C27728D0F80E0010EB5E /* GenericsBootCamp.swift */ = {isa = PBXFileReference; lastKnownFileType = sourcecode.swift; path = GenericsBootCamp.swift; sourceTree = "<group>"; };
		89C5C27928D101E80010EB5E /* ViewBuilderBootCamp.swift */ = {isa = PBXFileReference; lastKnownFileType = sourcecode.swift; path = ViewBuilderBootCamp.swift; sourceTree = "<group>"; };
		89C5C27B28D11EFE0010EB5E /* PreferenceKeyBootCamp.swift */ = {isa = PBXFileReference; lastKnownFileType = sourcecode.swift; path = PreferenceKeyBootCamp.swift; sourceTree = "<group>"; };
/* End PBXFileReference section */

/* Begin PBXFrameworksBuildPhase section */
		896FB1D928AEC765004C691F /* Frameworks */ = {
			isa = PBXFrameworksBuildPhase;
			buildActionMask = 2147483647;
			files = (
			);
			runOnlyForDeploymentPostprocessing = 0;
		};
/* End PBXFrameworksBuildPhase section */

/* Begin PBXGroup section */
		896FB1D328AEC765004C691F = {
			isa = PBXGroup;
			children = (
				896FB1DE28AEC765004C691F /* SwiftUIAdvanced */,
				896FB1DD28AEC765004C691F /* Products */,
			);
			sourceTree = "<group>";
		};
		896FB1DD28AEC765004C691F /* Products */ = {
			isa = PBXGroup;
			children = (
				896FB1DC28AEC765004C691F /* SwiftUIAdvanced.app */,
			);
			name = Products;
			sourceTree = "<group>";
		};
		896FB1DE28AEC765004C691F /* SwiftUIAdvanced */ = {
			isa = PBXGroup;
			children = (
				896FB1DF28AEC765004C691F /* SwiftUIAdvancedApp.swift */,
				896FB1E128AEC765004C691F /* ContentView.swift */,
				896FB1E328AEC768004C691F /* Assets.xcassets */,
				896FB1E528AEC768004C691F /* Preview Content */,
				89AB0CE028CA88ED009C6D56 /* CustomViewModifierBootCamp.swift */,
				89C5C27528D0F16C0010EB5E /* MatchedGeometryEffectBootCamp.swift */,
				89C5C27928D101E80010EB5E /* ViewBuilderBootCamp.swift */,
				89AB0CE228CA8D10009C6D56 /* ButtonStyleBootCamp.swift */,
				89C5C27728D0F80E0010EB5E /* GenericsBootCamp.swift */,
				89AB0CE428CA90D5009C6D56 /* AnyTransitionBootCamp.swift */,
				89ADE34F28D238E9008608D3 /* ProtocolBootCamp.swift */,
				89ADE35128D24545008608D3 /* DependencyInjectionBootCamp.swift */,
				89ADE34828D22AE6008608D3 /* CustomTabBar */,
				89ADE34328D21EBE008608D3 /* PreferenceKeyBootCamp */,
			);
			path = SwiftUIAdvanced;
			sourceTree = "<group>";
		};
		896FB1E528AEC768004C691F /* Preview Content */ = {
			isa = PBXGroup;
			children = (
				896FB1E628AEC768004C691F /* Preview Assets.xcassets */,
			);
			path = "Preview Content";
			sourceTree = "<group>";
		};
		89ADE34328D21EBE008608D3 /* PreferenceKeyBootCamp */ = {
			isa = PBXGroup;
			children = (
				89C5C27B28D11EFE0010EB5E /* PreferenceKeyBootCamp.swift */,
				89ADE34428D21EE5008608D3 /* GeometryPreferenceKeyBootCamp.swift */,
				89ADE34628D2212A008608D3 /* ScrollViewOffsetPreferenceKeyBootCamp.swift */,
			);
			path = PreferenceKeyBootCamp;
			sourceTree = "<group>";
		};
		89ADE34828D22AE6008608D3 /* CustomTabBar */ = {
			isa = PBXGroup;
			children = (
				89ADE34928D22B02008608D3 /* AppTabBarView.swift */,
				89ADE34B28D22C93008608D3 /* CustomTabBarView.swift */,
				89ADE34D28D2308E008608D3 /* CustomTabBarContainerView.swift */,
			);
			path = CustomTabBar;
			sourceTree = "<group>";
		};
/* End PBXGroup section */

/* Begin PBXNativeTarget section */
		896FB1DB28AEC765004C691F /* SwiftUIAdvanced */ = {
			isa = PBXNativeTarget;
			buildConfigurationList = 896FB1EA28AEC768004C691F /* Build configuration list for PBXNativeTarget "SwiftUIAdvanced" */;
			buildPhases = (
				896FB1D828AEC765004C691F /* Sources */,
				896FB1D928AEC765004C691F /* Frameworks */,
				896FB1DA28AEC765004C691F /* Resources */,
			);
			buildRules = (
			);
			dependencies = (
			);
			name = SwiftUIAdvanced;
			productName = SwiftUIAdvanced;
			productReference = 896FB1DC28AEC765004C691F /* SwiftUIAdvanced.app */;
			productType = "com.apple.product-type.application";
		};
/* End PBXNativeTarget section */

/* Begin PBXProject section */
		896FB1D428AEC765004C691F /* Project object */ = {
			isa = PBXProject;
			attributes = {
				BuildIndependentTargetsInParallel = 1;
				LastSwiftUpdateCheck = 1320;
				LastUpgradeCheck = 1320;
				TargetAttributes = {
					896FB1DB28AEC765004C691F = {
						CreatedOnToolsVersion = 13.2.1;
					};
				};
			};
			buildConfigurationList = 896FB1D728AEC765004C691F /* Build configuration list for PBXProject "SwiftUIAdvanced" */;
			compatibilityVersion = "Xcode 13.0";
			developmentRegion = en;
			hasScannedForEncodings = 0;
			knownRegions = (
				en,
				Base,
			);
			mainGroup = 896FB1D328AEC765004C691F;
			productRefGroup = 896FB1DD28AEC765004C691F /* Products */;
			projectDirPath = "";
			projectRoot = "";
			targets = (
				896FB1DB28AEC765004C691F /* SwiftUIAdvanced */,
			);
		};
/* End PBXProject section */

/* Begin PBXResourcesBuildPhase section */
		896FB1DA28AEC765004C691F /* Resources */ = {
			isa = PBXResourcesBuildPhase;
			buildActionMask = 2147483647;
			files = (
				896FB1E728AEC768004C691F /* Preview Assets.xcassets in Resources */,
				896FB1E428AEC768004C691F /* Assets.xcassets in Resources */,
			);
			runOnlyForDeploymentPostprocessing = 0;
		};
/* End PBXResourcesBuildPhase section */

/* Begin PBXSourcesBuildPhase section */
		896FB1D828AEC765004C691F /* Sources */ = {
			isa = PBXSourcesBuildPhase;
			buildActionMask = 2147483647;
			files = (
				89ADE34728D2212A008608D3 /* ScrollViewOffsetPreferenceKeyBootCamp.swift in Sources */,
				89C5C27628D0F16C0010EB5E /* MatchedGeometryEffectBootCamp.swift in Sources */,
				89ADE34A28D22B02008608D3 /* AppTabBarView.swift in Sources */,
				896FB1E228AEC765004C691F /* ContentView.swift in Sources */,
				896FB1E028AEC765004C691F /* SwiftUIAdvancedApp.swift in Sources */,
				89C5C27A28D101E80010EB5E /* ViewBuilderBootCamp.swift in Sources */,
				89C5C27C28D11EFE0010EB5E /* PreferenceKeyBootCamp.swift in Sources */,
				89AB0CE528CA90D5009C6D56 /* AnyTransitionBootCamp.swift in Sources */,
				89AB0CE328CA8D10009C6D56 /* ButtonStyleBootCamp.swift in Sources */,
				89ADE35228D24545008608D3 /* DependencyInjectionBootCamp.swift in Sources */,
				89ADE34C28D22C93008608D3 /* CustomTabBarView.swift in Sources */,
				89AB0CE128CA88ED009C6D56 /* CustomViewModifierBootCamp.swift in Sources */,
				89C5C27828D0F80E0010EB5E /* GenericsBootCamp.swift in Sources */,
				89ADE35028D238E9008608D3 /* ProtocolBootCamp.swift in Sources */,
				89ADE34528D21EE5008608D3 /* GeometryPreferenceKeyBootCamp.swift in Sources */,
				89ADE34E28D2308E008608D3 /* CustomTabBarContainerView.swift in Sources */,
			);
			runOnlyForDeploymentPostprocessing = 0;
		};
/* End PBXSourcesBuildPhase section */

/* Begin XCBuildConfiguration section */
		896FB1E828AEC768004C691F /* Debug */ = {
			isa = XCBuildConfiguration;
			buildSettings = {
				ALWAYS_SEARCH_USER_PATHS = NO;
				CLANG_ANALYZER_NONNULL = YES;
				CLANG_ANALYZER_NUMBER_OBJECT_CONVERSION = YES_AGGRESSIVE;
				CLANG_CXX_LANGUAGE_STANDARD = "gnu++17";
				CLANG_CXX_LIBRARY = "libc++";
				CLANG_ENABLE_MODULES = YES;
				CLANG_ENABLE_OBJC_ARC = YES;
				CLANG_ENABLE_OBJC_WEAK = YES;
				CLANG_WARN_BLOCK_CAPTURE_AUTORELEASING = YES;
				CLANG_WARN_BOOL_CONVERSION = YES;
				CLANG_WARN_COMMA = YES;
				CLANG_WARN_CONSTANT_CONVERSION = YES;
				CLANG_WARN_DEPRECATED_OBJC_IMPLEMENTATIONS = YES;
				CLANG_WARN_DIRECT_OBJC_ISA_USAGE = YES_ERROR;
				CLANG_WARN_DOCUMENTATION_COMMENTS = YES;
				CLANG_WARN_EMPTY_BODY = YES;
				CLANG_WARN_ENUM_CONVERSION = YES;
				CLANG_WARN_INFINITE_RECURSION = YES;
				CLANG_WARN_INT_CONVERSION = YES;
				CLANG_WARN_NON_LITERAL_NULL_CONVERSION = YES;
				CLANG_WARN_OBJC_IMPLICIT_RETAIN_SELF = YES;
				CLANG_WARN_OBJC_LITERAL_CONVERSION = YES;
				CLANG_WARN_OBJC_ROOT_CLASS = YES_ERROR;
				CLANG_WARN_QUOTED_INCLUDE_IN_FRAMEWORK_HEADER = YES;
				CLANG_WARN_RANGE_LOOP_ANALYSIS = YES;
				CLANG_WARN_STRICT_PROTOTYPES = YES;
				CLANG_WARN_SUSPICIOUS_MOVE = YES;
				CLANG_WARN_UNGUARDED_AVAILABILITY = YES_AGGRESSIVE;
				CLANG_WARN_UNREACHABLE_CODE = YES;
				CLANG_WARN__DUPLICATE_METHOD_MATCH = YES;
				COPY_PHASE_STRIP = NO;
				DEBUG_INFORMATION_FORMAT = dwarf;
				ENABLE_STRICT_OBJC_MSGSEND = YES;
				ENABLE_TESTABILITY = YES;
				GCC_C_LANGUAGE_STANDARD = gnu11;
				GCC_DYNAMIC_NO_PIC = NO;
				GCC_NO_COMMON_BLOCKS = YES;
				GCC_OPTIMIZATION_LEVEL = 0;
				GCC_PREPROCESSOR_DEFINITIONS = (
					"DEBUG=1",
					"$(inherited)",
				);
				GCC_WARN_64_TO_32_BIT_CONVERSION = YES;
				GCC_WARN_ABOUT_RETURN_TYPE = YES_ERROR;
				GCC_WARN_UNDECLARED_SELECTOR = YES;
				GCC_WARN_UNINITIALIZED_AUTOS = YES_AGGRESSIVE;
				GCC_WARN_UNUSED_FUNCTION = YES;
				GCC_WARN_UNUSED_VARIABLE = YES;
				IPHONEOS_DEPLOYMENT_TARGET = 15.2;
				MTL_ENABLE_DEBUG_INFO = INCLUDE_SOURCE;
				MTL_FAST_MATH = YES;
				ONLY_ACTIVE_ARCH = YES;
				SDKROOT = iphoneos;
				SWIFT_ACTIVE_COMPILATION_CONDITIONS = DEBUG;
				SWIFT_OPTIMIZATION_LEVEL = "-Onone";
			};
			name = Debug;
		};
		896FB1E928AEC768004C691F /* Release */ = {
			isa = XCBuildConfiguration;
			buildSettings = {
				ALWAYS_SEARCH_USER_PATHS = NO;
				CLANG_ANALYZER_NONNULL = YES;
				CLANG_ANALYZER_NUMBER_OBJECT_CONVERSION = YES_AGGRESSIVE;
				CLANG_CXX_LANGUAGE_STANDARD = "gnu++17";
				CLANG_CXX_LIBRARY = "libc++";
				CLANG_ENABLE_MODULES = YES;
				CLANG_ENABLE_OBJC_ARC = YES;
				CLANG_ENABLE_OBJC_WEAK = YES;
				CLANG_WARN_BLOCK_CAPTURE_AUTORELEASING = YES;
				CLANG_WARN_BOOL_CONVERSION = YES;
				CLANG_WARN_COMMA = YES;
				CLANG_WARN_CONSTANT_CONVERSION = YES;
				CLANG_WARN_DEPRECATED_OBJC_IMPLEMENTATIONS = YES;
				CLANG_WARN_DIRECT_OBJC_ISA_USAGE = YES_ERROR;
				CLANG_WARN_DOCUMENTATION_COMMENTS = YES;
				CLANG_WARN_EMPTY_BODY = YES;
				CLANG_WARN_ENUM_CONVERSION = YES;
				CLANG_WARN_INFINITE_RECURSION = YES;
				CLANG_WARN_INT_CONVERSION = YES;
				CLANG_WARN_NON_LITERAL_NULL_CONVERSION = YES;
				CLANG_WARN_OBJC_IMPLICIT_RETAIN_SELF = YES;
				CLANG_WARN_OBJC_LITERAL_CONVERSION = YES;
				CLANG_WARN_OBJC_ROOT_CLASS = YES_ERROR;
				CLANG_WARN_QUOTED_INCLUDE_IN_FRAMEWORK_HEADER = YES;
				CLANG_WARN_RANGE_LOOP_ANALYSIS = YES;
				CLANG_WARN_STRICT_PROTOTYPES = YES;
				CLANG_WARN_SUSPICIOUS_MOVE = YES;
				CLANG_WARN_UNGUARDED_AVAILABILITY = YES_AGGRESSIVE;
				CLANG_WARN_UNREACHABLE_CODE = YES;
				CLANG_WARN__DUPLICATE_METHOD_MATCH = YES;
				COPY_PHASE_STRIP = NO;
				DEBUG_INFORMATION_FORMAT = "dwarf-with-dsym";
				ENABLE_NS_ASSERTIONS = NO;
				ENABLE_STRICT_OBJC_MSGSEND = YES;
				GCC_C_LANGUAGE_STANDARD = gnu11;
				GCC_NO_COMMON_BLOCKS = YES;
				GCC_WARN_64_TO_32_BIT_CONVERSION = YES;
				GCC_WARN_ABOUT_RETURN_TYPE = YES_ERROR;
				GCC_WARN_UNDECLARED_SELECTOR = YES;
				GCC_WARN_UNINITIALIZED_AUTOS = YES_AGGRESSIVE;
				GCC_WARN_UNUSED_FUNCTION = YES;
				GCC_WARN_UNUSED_VARIABLE = YES;
				IPHONEOS_DEPLOYMENT_TARGET = 15.2;
				MTL_ENABLE_DEBUG_INFO = NO;
				MTL_FAST_MATH = YES;
				SDKROOT = iphoneos;
				SWIFT_COMPILATION_MODE = wholemodule;
				SWIFT_OPTIMIZATION_LEVEL = "-O";
				VALIDATE_PRODUCT = YES;
			};
			name = Release;
		};
		896FB1EB28AEC768004C691F /* Debug */ = {
			isa = XCBuildConfiguration;
			buildSettings = {
				ASSETCATALOG_COMPILER_APPICON_NAME = AppIcon;
				ASSETCATALOG_COMPILER_GLOBAL_ACCENT_COLOR_NAME = AccentColor;
				CODE_SIGN_STYLE = Automatic;
				CURRENT_PROJECT_VERSION = 1;
				DEVELOPMENT_ASSET_PATHS = "\"SwiftUIAdvanced/Preview Content\"";
				ENABLE_PREVIEWS = YES;
				GENERATE_INFOPLIST_FILE = YES;
				INFOPLIST_KEY_UIApplicationSceneManifest_Generation = YES;
				INFOPLIST_KEY_UIApplicationSupportsIndirectInputEvents = YES;
				INFOPLIST_KEY_UILaunchScreen_Generation = YES;
				INFOPLIST_KEY_UISupportedInterfaceOrientations_iPad = "UIInterfaceOrientationPortrait UIInterfaceOrientationPortraitUpsideDown UIInterfaceOrientationLandscapeLeft UIInterfaceOrientationLandscapeRight";
				INFOPLIST_KEY_UISupportedInterfaceOrientations_iPhone = "UIInterfaceOrientationPortrait UIInterfaceOrientationLandscapeLeft UIInterfaceOrientationLandscapeRight";
				LD_RUNPATH_SEARCH_PATHS = (
					"$(inherited)",
					"@executable_path/Frameworks",
				);
				MARKETING_VERSION = 1.0;
				PRODUCT_BUNDLE_IDENTIFIER = mbayi.SwiftUIAdvanced;
				PRODUCT_NAME = "$(TARGET_NAME)";
				SWIFT_EMIT_LOC_STRINGS = YES;
				SWIFT_VERSION = 5.0;
				TARGETED_DEVICE_FAMILY = "1,2";
			};
			name = Debug;
		};
		896FB1EC28AEC768004C691F /* Release */ = {
			isa = XCBuildConfiguration;
			buildSettings = {
				ASSETCATALOG_COMPILER_APPICON_NAME = AppIcon;
				ASSETCATALOG_COMPILER_GLOBAL_ACCENT_COLOR_NAME = AccentColor;
				CODE_SIGN_STYLE = Automatic;
				CURRENT_PROJECT_VERSION = 1;
				DEVELOPMENT_ASSET_PATHS = "\"SwiftUIAdvanced/Preview Content\"";
				ENABLE_PREVIEWS = YES;
				GENERATE_INFOPLIST_FILE = YES;
				INFOPLIST_KEY_UIApplicationSceneManifest_Generation = YES;
				INFOPLIST_KEY_UIApplicationSupportsIndirectInputEvents = YES;
				INFOPLIST_KEY_UILaunchScreen_Generation = YES;
				INFOPLIST_KEY_UISupportedInterfaceOrientations_iPad = "UIInterfaceOrientationPortrait UIInterfaceOrientationPortraitUpsideDown UIInterfaceOrientationLandscapeLeft UIInterfaceOrientationLandscapeRight";
				INFOPLIST_KEY_UISupportedInterfaceOrientations_iPhone = "UIInterfaceOrientationPortrait UIInterfaceOrientationLandscapeLeft UIInterfaceOrientationLandscapeRight";
				LD_RUNPATH_SEARCH_PATHS = (
					"$(inherited)",
					"@executable_path/Frameworks",
				);
				MARKETING_VERSION = 1.0;
				PRODUCT_BUNDLE_IDENTIFIER = mbayi.SwiftUIAdvanced;
				PRODUCT_NAME = "$(TARGET_NAME)";
				SWIFT_EMIT_LOC_STRINGS = YES;
				SWIFT_VERSION = 5.0;
				TARGETED_DEVICE_FAMILY = "1,2";
			};
			name = Release;
		};
/* End XCBuildConfiguration section */

/* Begin XCConfigurationList section */
		896FB1D728AEC765004C691F /* Build configuration list for PBXProject "SwiftUIAdvanced" */ = {
			isa = XCConfigurationList;
			buildConfigurations = (
				896FB1E828AEC768004C691F /* Debug */,
				896FB1E928AEC768004C691F /* Release */,
			);
			defaultConfigurationIsVisible = 0;
			defaultConfigurationName = Release;
		};
		896FB1EA28AEC768004C691F /* Build configuration list for PBXNativeTarget "SwiftUIAdvanced" */ = {
			isa = XCConfigurationList;
			buildConfigurations = (
				896FB1EB28AEC768004C691F /* Debug */,
				896FB1EC28AEC768004C691F /* Release */,
			);
			defaultConfigurationIsVisible = 0;
			defaultConfigurationName = Release;
		};
/* End XCConfigurationList section */
	};
	rootObject = 896FB1D428AEC765004C691F /* Project object */;
}
